
Microsoft Visual Studio Solution File, Format Version 12.00
# Visual Studio 2012
Project("{FAE04EC0-301F-11D3-BF4B-00C04F79EFBC}") = "MaximizingXOR", "MaximizingXOR\MaximizingXOR.csproj", "{8DDB8DFD-32DD-453F-914D-FFE389F0FD7C}"
EndProject
Project("{FAE04EC0-301F-11D3-BF4B-00C04F79EFBC}") = "UtopianTree", "UtopianTree\UtopianTree.csproj", "{5D6F3A73-0C5E-426C-AF4D-1DC3348CF0C8}"
EndProject
Project("{FAE04EC0-301F-11D3-BF4B-00C04F79EFBC}") = "AlternatingCharacters", "AlternatingCharacters\AlternatingCharacters.csproj", "{3E8F9882-8B27-47F9-A047-106B2E58AFD5}"
EndProject
Project("{FAE04EC0-301F-11D3-BF4B-00C04F79EFBC}") = "PalindromeReduction", "PalindromeReduction\PalindromeReduction.csproj", "{5E4C43DF-C52F-49CE-BC93-18A85DD72AA8}"
EndProject
Project("{FAE04EC0-301F-11D3-BF4B-00C04F79EFBC}") = "PriyankaAndToys", "PriyankaAndToys\PriyankaAndToys.csproj", "{3F81BC86-7361-44A3-AB0B-5F323F573EA3}"
EndProject
Project("{FAE04EC0-301F-11D3-BF4B-00C04F79EFBC}") = "ChiefHopper", "ChiefHopper\ChiefHopper.csproj", "{B9614B20-0F6B-4091-B3A5-70C73975B0C6}"
EndProject
Project("{FAE04EC0-301F-11D3-BF4B-00C04F79EFBC}") = "FavoriteSequence", "FavoriteSequence\FavoriteSequence.csproj", "{0DF50DE4-F0B7-4767-B629-5EA76F4A87A8}"
EndProject
Project("{FAE04EC0-301F-11D3-BF4B-00C04F79EFBC}") = "PalindromeLengthPuzzle", "PalindromeLengthPuzzle\PalindromeLengthPuzzle.csproj", "{3E15053E-635E-43F9-8967-73D4DD8B42CD}"
EndProject
Global
	GlobalSection(SolutionConfigurationPlatforms) = preSolution
		Debug|Any CPU = Debug|Any CPU
		Release|Any CPU = Release|Any CPU
	EndGlobalSection
	GlobalSection(ProjectConfigurationPlatforms) = postSolution
		{8DDB8DFD-32DD-453F-914D-FFE389F0FD7C}.Debug|Any CPU.ActiveCfg = Debug|Any CPU
		{8DDB8DFD-32DD-453F-914D-FFE389F0FD7C}.Debug|Any CPU.Build.0 = Debug|Any CPU
		{8DDB8DFD-32DD-453F-914D-FFE389F0FD7C}.Release|Any CPU.ActiveCfg = Release|Any CPU
		{8DDB8DFD-32DD-453F-914D-FFE389F0FD7C}.Release|Any CPU.Build.0 = Release|Any CPU
		{5D6F3A73-0C5E-426C-AF4D-1DC3348CF0C8}.Debug|Any CPU.ActiveCfg = Debug|Any CPU
		{5D6F3A73-0C5E-426C-AF4D-1DC3348CF0C8}.Debug|Any CPU.Build.0 = Debug|Any CPU
		{5D6F3A73-0C5E-426C-AF4D-1DC3348CF0C8}.Release|Any CPU.ActiveCfg = Release|Any CPU
		{5D6F3A73-0C5E-426C-AF4D-1DC3348CF0C8}.Release|Any CPU.Build.0 = Release|Any CPU
		{3E8F9882-8B27-47F9-A047-106B2E58AFD5}.Debug|Any CPU.ActiveCfg = Debug|Any CPU
		{3E8F9882-8B27-47F9-A047-106B2E58AFD5}.Debug|Any CPU.Build.0 = Debug|Any CPU
		{3E8F9882-8B27-47F9-A047-106B2E58AFD5}.Release|Any CPU.ActiveCfg = Release|Any CPU
		{3E8F9882-8B27-47F9-A047-106B2E58AFD5}.Release|Any CPU.Build.0 = Release|Any CPU
		{5E4C43DF-C52F-49CE-BC93-18A85DD72AA8}.Debug|Any CPU.ActiveCfg = Debug|Any CPU
		{5E4C43DF-C52F-49CE-BC93-18A85DD72AA8}.Debug|Any CPU.Build.0 = Debug|Any CPU
		{5E4C43DF-C52F-49CE-BC93-18A85DD72AA8}.Release|Any CPU.ActiveCfg = Release|Any CPU
		{5E4C43DF-C52F-49CE-BC93-18A85DD72AA8}.Release|Any CPU.Build.0 = Release|Any CPU
		{3F81BC86-7361-44A3-AB0B-5F323F573EA3}.Debug|Any CPU.ActiveCfg = Debug|Any CPU
		{3F81BC86-7361-44A3-AB0B-5F323F573EA3}.Debug|Any CPU.Build.0 = Debug|Any CPU
		{3F81BC86-7361-44A3-AB0B-5F323F573EA3}.Release|Any CPU.ActiveCfg = Release|Any CPU
		{3F81BC86-7361-44A3-AB0B-5F323F573EA3}.Release|Any CPU.Build.0 = Release|Any CPU
		{B9614B20-0F6B-4091-B3A5-70C73975B0C6}.Debug|Any CPU.ActiveCfg = Debug|Any CPU
		{B9614B20-0F6B-4091-B3A5-70C73975B0C6}.Debug|Any CPU.Build.0 = Debug|Any CPU
		{B9614B20-0F6B-4091-B3A5-70C73975B0C6}.Release|Any CPU.ActiveCfg = Release|Any CPU
		{B9614B20-0F6B-4091-B3A5-70C73975B0C6}.Release|Any CPU.Build.0 = Release|Any CPU
		{0DF50DE4-F0B7-4767-B629-5EA76F4A87A8}.Debug|Any CPU.ActiveCfg = Debug|Any CPU
		{0DF50DE4-F0B7-4767-B629-5EA76F4A87A8}.Debug|Any CPU.Build.0 = Debug|Any CPU
		{0DF50DE4-F0B7-4767-B629-5EA76F4A87A8}.Release|Any CPU.ActiveCfg = Release|Any CPU
		{0DF50DE4-F0B7-4767-B629-5EA76F4A87A8}.Release|Any CPU.Build.0 = Release|Any CPU
		{3E15053E-635E-43F9-8967-73D4DD8B42CD}.Debug|Any CPU.ActiveCfg = Debug|Any CPU
		{3E15053E-635E-43F9-8967-73D4DD8B42CD}.Debug|Any CPU.Build.0 = Debug|Any CPU
		{3E15053E-635E-43F9-8967-73D4DD8B42CD}.Release|Any CPU.ActiveCfg = Release|Any CPU
		{3E15053E-635E-43F9-8967-73D4DD8B42CD}.Release|Any CPU.Build.0 = Release|Any CPU
	EndGlobalSection
	GlobalSection(SolutionProperties) = preSolution
		HideSolutionNode = FALSE
	EndGlobalSection
EndGlobal
